
Microsoft Visual Studio Solution File, Format Version 12.00
# Visual Studio Version 17
VisualStudioVersion = 17.5.002.0
MinimumVisualStudioVersion = 10.0.40219.1
Project("{9A19103F-16F7-4668-BE54-9A1E7A4F7556}") = "LanguagesDictionary", "LanguagesDictionary.csproj", "{D29BAB3B-E2EA-49D7-B04C-CE124B27CEC3}"
EndProject
Project("{FAE04EC0-301F-11D3-BF4B-00C04F79EFBC}") = "Tests", "Tests\Tests.csproj", "{684C4413-EBAE-4692-9CB0-C0229D33C60C}"
EndProject
Global
	GlobalSection(SolutionConfigurationPlatforms) = preSolution
		Debug|Any CPU = Debug|Any CPU
		Release|Any CPU = Release|Any CPU
	EndGlobalSection
	GlobalSection(ProjectConfigurationPlatforms) = postSolution
		{D29BAB3B-E2EA-49D7-B04C-CE124B27CEC3}.Debug|Any CPU.ActiveCfg = Debug|Any CPU
		{D29BAB3B-E2EA-49D7-B04C-CE124B27CEC3}.Debug|Any CPU.Build.0 = Debug|Any CPU
		{D29BAB3B-E2EA-49D7-B04C-CE124B27CEC3}.Release|Any CPU.ActiveCfg = Release|Any CPU
		{D29BAB3B-E2EA-49D7-B04C-CE124B27CEC3}.Release|Any CPU.Build.0 = Release|Any CPU
		{684C4413-EBAE-4692-9CB0-C0229D33C60C}.Debug|Any CPU.ActiveCfg = Debug|Any CPU
		{684C4413-EBAE-4692-9CB0-C0229D33C60C}.Debug|Any CPU.Build.0 = Debug|Any CPU
		{684C4413-EBAE-4692-9CB0-C0229D33C60C}.Release|Any CPU.ActiveCfg = Release|Any CPU
		{684C4413-EBAE-4692-9CB0-C0229D33C60C}.Release|Any CPU.Build.0 = Release|Any CPU
	EndGlobalSection
	GlobalSection(SolutionProperties) = preSolution
		HideSolutionNode = FALSE
	EndGlobalSection
	GlobalSection(ExtensibilityGlobals) = postSolution
		SolutionGuid = {0F0979DD-1F8A-4D81-81DA-2DD95FEFE76E}
	EndGlobalSection
EndGlobal
